
Microsoft Visual Studio Solution File, Format Version 12.00
# Visual Studio Version 17
VisualStudioVersion = 17.7.34024.191
MinimumVisualStudioVersion = 10.0.40219.1
Project("{2150E333-8FDC-42A3-9474-1A3956D46DE8}") = "Src", "Src", "{72B29D96-AF0B-48D9-A5D2-EF3156F8AFE5}"
EndProject
Project("{2150E333-8FDC-42A3-9474-1A3956D46DE8}") = "Api", "Api", "{C6D63D55-1A27-4B65-B8A0-6C706D52DF98}"
EndProject
Project("{2150E333-8FDC-42A3-9474-1A3956D46DE8}") = "Domain", "Domain", "{F390E447-1B33-4931-83D7-378A8382F39C}"
EndProject
Project("{2150E333-8FDC-42A3-9474-1A3956D46DE8}") = "Tests", "Tests", "{FED22289-81F5-464D-AC07-9A2B2C9DDEC1}"
EndProject
Project("{2150E333-8FDC-42A3-9474-1A3956D46DE8}") = "Unit", "Unit", "{F753BD05-94C0-45AD-B76F-FF8E8FEE6B8F}"
EndProject
Project("{2150E333-8FDC-42A3-9474-1A3956D46DE8}") = "Integration", "Integration", "{163EE69B-9CE0-4425-86FB-C04C16802900}"
EndProject
Project("{9A19103F-16F7-4668-BE54-9A1E7A4F7556}") = "bycoders.cnab.api", "bycoders.cnab.api\bycoders.cnab.api.csproj", "{24E1C37D-E5E9-4B8A-ADA3-AC03EB811183}"
EndProject
Project("{9A19103F-16F7-4668-BE54-9A1E7A4F7556}") = "bycoders.cnab.domain", "bycoders.cnab.domain\bycoders.cnab.domain.csproj", "{34818E05-0CE4-4843-ACFD-6CAB09E6C45F}"
EndProject
Project("{E53339B2-1760-4266-BCC7-CA923CBCF16C}") = "docker-compose", "docker-compose.dcproj", "{BF5508D7-67EC-469E-BAD0-0D034FC61DD1}"
EndProject
Project("{2150E333-8FDC-42A3-9474-1A3956D46DE8}") = "Application", "Application", "{00400002-F271-4958-AD68-D494C20DBE0E}"
EndProject
Project("{9A19103F-16F7-4668-BE54-9A1E7A4F7556}") = "bycoders.cnab.application", "bycoders.cnab.application\bycoders.cnab.application.csproj", "{96E741E9-E780-4E4B-9C2A-2E9C6FE51761}"
EndProject
Project("{2150E333-8FDC-42A3-9474-1A3956D46DE8}") = "Services", "Services", "{3FCA2889-760C-425F-AC95-EF0B20E690FB}"
EndProject
Project("{9A19103F-16F7-4668-BE54-9A1E7A4F7556}") = "bycoders.cnab.services", "bycoders.cnab.services\bycoders.cnab.services.csproj", "{FCFA43A5-04AD-43CD-A3C1-3CF83E90E327}"
EndProject
Project("{FAE04EC0-301F-11D3-BF4B-00C04F79EFBC}") = "bycoders.cnab.unit.tests", "Tests\bycoders.cnab.unit.tests\bycoders.cnab.unit.tests\bycoders.cnab.unit.tests.csproj", "{1ECC6A95-BDB0-4F65-8C46-E28420752DB1}"
EndProject
Project("{2150E333-8FDC-42A3-9474-1A3956D46DE8}") = "Extensions", "Extensions", "{78B4B192-BCF5-4255-B3A8-DF046556F11A}"
EndProject
Project("{FAE04EC0-301F-11D3-BF4B-00C04F79EFBC}") = "bycoders.cnab.extensions", "bycoders.cnab.extensions\bycoders.cnab.extensions.csproj", "{A21469D7-3F08-423B-80A2-E4CF81A0CB80}"
EndProject
Project("{2150E333-8FDC-42A3-9474-1A3956D46DE8}") = "Infra", "Infra", "{B72538CA-DBF7-4F9A-B32F-E63CF7569CB4}"
EndProject
Project("{FAE04EC0-301F-11D3-BF4B-00C04F79EFBC}") = "bycoders.cnab.infra", "bycoders.cnab.infra\bycoders.cnab.infra.csproj", "{7A1955FD-21E7-42B9-9C04-B8FC1D06249B}"
EndProject
Global
	GlobalSection(SolutionConfigurationPlatforms) = preSolution
		Debug|Any CPU = Debug|Any CPU
		Release|Any CPU = Release|Any CPU
	EndGlobalSection
	GlobalSection(ProjectConfigurationPlatforms) = postSolution
		{24E1C37D-E5E9-4B8A-ADA3-AC03EB811183}.Debug|Any CPU.ActiveCfg = Debug|Any CPU
		{24E1C37D-E5E9-4B8A-ADA3-AC03EB811183}.Debug|Any CPU.Build.0 = Debug|Any CPU
		{24E1C37D-E5E9-4B8A-ADA3-AC03EB811183}.Release|Any CPU.ActiveCfg = Release|Any CPU
		{24E1C37D-E5E9-4B8A-ADA3-AC03EB811183}.Release|Any CPU.Build.0 = Release|Any CPU
		{34818E05-0CE4-4843-ACFD-6CAB09E6C45F}.Debug|Any CPU.ActiveCfg = Debug|Any CPU
		{34818E05-0CE4-4843-ACFD-6CAB09E6C45F}.Debug|Any CPU.Build.0 = Debug|Any CPU
		{34818E05-0CE4-4843-ACFD-6CAB09E6C45F}.Release|Any CPU.ActiveCfg = Release|Any CPU
		{34818E05-0CE4-4843-ACFD-6CAB09E6C45F}.Release|Any CPU.Build.0 = Release|Any CPU
		{BF5508D7-67EC-469E-BAD0-0D034FC61DD1}.Debug|Any CPU.ActiveCfg = Debug|Any CPU
		{BF5508D7-67EC-469E-BAD0-0D034FC61DD1}.Debug|Any CPU.Build.0 = Debug|Any CPU
		{BF5508D7-67EC-469E-BAD0-0D034FC61DD1}.Release|Any CPU.ActiveCfg = Release|Any CPU
		{BF5508D7-67EC-469E-BAD0-0D034FC61DD1}.Release|Any CPU.Build.0 = Release|Any CPU
		{96E741E9-E780-4E4B-9C2A-2E9C6FE51761}.Debug|Any CPU.ActiveCfg = Debug|Any CPU
		{96E741E9-E780-4E4B-9C2A-2E9C6FE51761}.Debug|Any CPU.Build.0 = Debug|Any CPU
		{96E741E9-E780-4E4B-9C2A-2E9C6FE51761}.Release|Any CPU.ActiveCfg = Release|Any CPU
		{96E741E9-E780-4E4B-9C2A-2E9C6FE51761}.Release|Any CPU.Build.0 = Release|Any CPU
		{FCFA43A5-04AD-43CD-A3C1-3CF83E90E327}.Debug|Any CPU.ActiveCfg = Debug|Any CPU
		{FCFA43A5-04AD-43CD-A3C1-3CF83E90E327}.Debug|Any CPU.Build.0 = Debug|Any CPU
		{FCFA43A5-04AD-43CD-A3C1-3CF83E90E327}.Release|Any CPU.ActiveCfg = Release|Any CPU
		{FCFA43A5-04AD-43CD-A3C1-3CF83E90E327}.Release|Any CPU.Build.0 = Release|Any CPU
		{1ECC6A95-BDB0-4F65-8C46-E28420752DB1}.Debug|Any CPU.ActiveCfg = Debug|Any CPU
		{1ECC6A95-BDB0-4F65-8C46-E28420752DB1}.Debug|Any CPU.Build.0 = Debug|Any CPU
		{1ECC6A95-BDB0-4F65-8C46-E28420752DB1}.Release|Any CPU.ActiveCfg = Release|Any CPU
		{1ECC6A95-BDB0-4F65-8C46-E28420752DB1}.Release|Any CPU.Build.0 = Release|Any CPU
		{A21469D7-3F08-423B-80A2-E4CF81A0CB80}.Debug|Any CPU.ActiveCfg = Debug|Any CPU
		{A21469D7-3F08-423B-80A2-E4CF81A0CB80}.Debug|Any CPU.Build.0 = Debug|Any CPU
		{A21469D7-3F08-423B-80A2-E4CF81A0CB80}.Release|Any CPU.ActiveCfg = Release|Any CPU
		{A21469D7-3F08-423B-80A2-E4CF81A0CB80}.Release|Any CPU.Build.0 = Release|Any CPU
		{7A1955FD-21E7-42B9-9C04-B8FC1D06249B}.Debug|Any CPU.ActiveCfg = Debug|Any CPU
		{7A1955FD-21E7-42B9-9C04-B8FC1D06249B}.Debug|Any CPU.Build.0 = Debug|Any CPU
		{7A1955FD-21E7-42B9-9C04-B8FC1D06249B}.Release|Any CPU.ActiveCfg = Release|Any CPU
		{7A1955FD-21E7-42B9-9C04-B8FC1D06249B}.Release|Any CPU.Build.0 = Release|Any CPU
	EndGlobalSection
	GlobalSection(SolutionProperties) = preSolution
		HideSolutionNode = FALSE
	EndGlobalSection
	GlobalSection(NestedProjects) = preSolution
		{C6D63D55-1A27-4B65-B8A0-6C706D52DF98} = {72B29D96-AF0B-48D9-A5D2-EF3156F8AFE5}
		{F390E447-1B33-4931-83D7-378A8382F39C} = {72B29D96-AF0B-48D9-A5D2-EF3156F8AFE5}
		{F753BD05-94C0-45AD-B76F-FF8E8FEE6B8F} = {FED22289-81F5-464D-AC07-9A2B2C9DDEC1}
		{163EE69B-9CE0-4425-86FB-C04C16802900} = {FED22289-81F5-464D-AC07-9A2B2C9DDEC1}
		{24E1C37D-E5E9-4B8A-ADA3-AC03EB811183} = {C6D63D55-1A27-4B65-B8A0-6C706D52DF98}
		{34818E05-0CE4-4843-ACFD-6CAB09E6C45F} = {F390E447-1B33-4931-83D7-378A8382F39C}
		{00400002-F271-4958-AD68-D494C20DBE0E} = {72B29D96-AF0B-48D9-A5D2-EF3156F8AFE5}
		{96E741E9-E780-4E4B-9C2A-2E9C6FE51761} = {00400002-F271-4958-AD68-D494C20DBE0E}
		{3FCA2889-760C-425F-AC95-EF0B20E690FB} = {72B29D96-AF0B-48D9-A5D2-EF3156F8AFE5}
		{FCFA43A5-04AD-43CD-A3C1-3CF83E90E327} = {3FCA2889-760C-425F-AC95-EF0B20E690FB}
		{1ECC6A95-BDB0-4F65-8C46-E28420752DB1} = {F753BD05-94C0-45AD-B76F-FF8E8FEE6B8F}
		{78B4B192-BCF5-4255-B3A8-DF046556F11A} = {72B29D96-AF0B-48D9-A5D2-EF3156F8AFE5}
		{A21469D7-3F08-423B-80A2-E4CF81A0CB80} = {78B4B192-BCF5-4255-B3A8-DF046556F11A}
		{B72538CA-DBF7-4F9A-B32F-E63CF7569CB4} = {72B29D96-AF0B-48D9-A5D2-EF3156F8AFE5}
		{7A1955FD-21E7-42B9-9C04-B8FC1D06249B} = {B72538CA-DBF7-4F9A-B32F-E63CF7569CB4}
	EndGlobalSection
	GlobalSection(ExtensibilityGlobals) = postSolution
		SolutionGuid = {EC54F196-CFFA-49DC-8153-F0B019385BBF}
	EndGlobalSection
EndGlobal
